<?xml version="1.0" encoding="utf-8"?>
<Project ToolsVersion="17.0" xmlns="http://schemas.microsoft.com/developer/msbuild/2003">
  <ItemGroup>
    <ClCompile Include="D:\Cocos2d\cocos2d-x-4.0\FinalGameEngine\Classes\AppDelegate.cpp">
      <Filter>Source Files\Classes</Filter>
    </ClCompile>
    <ClCompile Include="D:\Cocos2d\cocos2d-x-4.0\FinalGameEngine\Classes\HelloWorldScene.cpp">
      <Filter>Source Files\Classes</Filter>
    </ClCompile>
    <ClCompile Include="D:\Cocos2d\cocos2d-x-4.0\FinalGameEngine\proj.win32\main.cpp">
      <Filter>Source Files\proj.win32</Filter>
    </ClCompile>
    <ClCompile Include="D:\Cocos2d\cocos2d-x-4.0\FinalGameEngine\cocos2d\cocos\precheader.cpp">
      <Filter>Source Files</Filter>
    </ClCompile>
  </ItemGroup>
  <ItemGroup>
    <ClInclude Include="D:\Cocos2d\cocos2d-x-4.0\FinalGameEngine\Classes\AppDelegate.h">
      <Filter>Source Files\Classes</Filter>
    </ClInclude>
    <ClInclude Include="D:\Cocos2d\cocos2d-x-4.0\FinalGameEngine\Classes\HelloWorldScene.h">
      <Filter>Source Files\Classes</Filter>
    </ClInclude>
    <ClInclude Include="D:\Cocos2d\cocos2d-x-4.0\FinalGameEngine\proj.win32\main.h">
      <Filter>Source Files\proj.win32</Filter>
    </ClInclude>
    <ClInclude Include="D:\Cocos2d\cocos2d-x-4.0\FinalGameEngine\proj.win32\resource.h">
      <Filter>Source Files\proj.win32</Filter>
    </ClInclude>
    <ClInclude Include="D:\Cocos2d\cocos2d-x-4.0\FinalGameEngine\Resources\CloseNormal.png">
      <Filter>Resources</Filter>
    </ClInclude>
    <ClInclude Include="D:\Cocos2d\cocos2d-x-4.0\FinalGameEngine\Resources\CloseSelected.png">
      <Filter>Resources</Filter>
    </ClInclude>
    <ClInclude Include="D:\Cocos2d\cocos2d-x-4.0\FinalGameEngine\Resources\HelloWorld.png">
      <Filter>Resources</Filter>
    </ClInclude>
    <ClInclude Include="D:\Cocos2d\cocos2d-x-4.0\FinalGameEngine\Resources\fonts\Marker Felt.ttf">
      <Filter>Resources\fonts</Filter>
    </ClInclude>
    <ClInclude Include="D:\Cocos2d\cocos2d-x-4.0\FinalGameEngine\Resources\fonts\arial.ttf">
      <Filter>Resources\fonts</Filter>
    </ClInclude>
    <ClInclude Include="D:\Cocos2d\cocos2d-x-4.0\FinalGameEngine\Resources\res\.gitkeep">
      <Filter>Resources\res</Filter>
    </ClInclude>
  </ItemGroup>
  <ItemGroup>
    <CustomBuild Include="D:\Cocos2d\cocos2d-x-4.0\FinalGameEngine\CMakeLists.txt" />
  </ItemGroup>
  <ItemGroup>
    <ResourceCompile Include="D:\Cocos2d\cocos2d-x-4.0\FinalGameEngine\proj.win32\game.rc">
      <Filter>Source Files\proj.win32</Filter>
    </ResourceCompile>
  </ItemGroup>
  <ItemGroup>
    <Filter Include="Resources">
      <UniqueIdentifier>{8A2850E6-5696-3AA6-A816-D591336EDC96}</UniqueIdentifier>
    </Filter>
    <Filter Include="Resources\fonts">
      <UniqueIdentifier>{D3658D33-BA51-3028-B39F-DA3F39D7E2F0}</UniqueIdentifier>
    </Filter>
    <Filter Include="Resources\res">
      <UniqueIdentifier>{20AC5C24-D447-3F07-AF2A-22E4DEC312A9}</UniqueIdentifier>
    </Filter>
    <Filter Include="Source Files">
      <UniqueIdentifier>{08429EAC-9EC4-360E-939B-A48FCE77F51E}</UniqueIdentifier>
    </Filter>
    <Filter Include="Source Files\Classes">
      <UniqueIdentifier>{3C77597D-9A8A-327B-A119-2FF377E43197}</UniqueIdentifier>
    </Filter>
    <Filter Include="Source Files\proj.win32">
      <UniqueIdentifier>{B7F276A9-72FF-3E8D-A534-D8E350052062}</UniqueIdentifier>
    </Filter>
  </ItemGroup>
</Project>
